<Solution>
  <StartupProjects>
    <Project Path="WebApi/WebApi.csproj" />
  </StartupProjects>
  <Project Path="mitoSoft.WebApi.net10.Swagger.Authentication.ApiKey/mitoSoft.WebApi.net10.Swagger.Authentication.ApiKey.csproj" />
  <Project Path="mitoSoft.WebApi.net10.Versioning/mitoSoft.WebApi.net10.Versioning.csproj" />
  <Project Path="WebApi/WebApi.csproj" />
</Solution>
